
Microsoft Visual Studio Solution File, Format Version 12.00
# Visual Studio Version 17
VisualStudioVersion = 17.2.32630.192
MinimumVisualStudioVersion = 10.0.40219.1
Project("{2150E333-8FDC-42A3-9474-1A3956D46DE8}") = "src", "src", "{D8608206-C91F-49B2-9130-9FB792435614}"
EndProject
Project("{9A19103F-16F7-4668-BE54-9A1E7A4F7556}") = "Relias.{{ cookiecutter.solution_name }}.Cqrs.Api", "src\Relias.{{ cookiecutter.solution_name }}.Cqrs.Api\Relias.{{ cookiecutter.solution_name }}.Cqrs.Api.csproj", "{E9D544F3-434B-434F-A210-8606F8B80126}"
EndProject
Project("{FAE04EC0-301F-11D3-BF4B-00C04F79EFBC}") = "Relias.{{ cookiecutter.solution_name }}.Cqrs.App", "src\Relias.{{ cookiecutter.solution_name }}.Cqrs.App\Relias.{{ cookiecutter.solution_name }}.Cqrs.App.csproj", "{ADABF7A4-50DD-42FC-9B5C-C02C55B528D3}"
EndProject
Project("{FAE04EC0-301F-11D3-BF4B-00C04F79EFBC}") = "Relias.{{ cookiecutter.solution_name }}.Cqrs.Infra", "src\Relias.{{ cookiecutter.solution_name }}.Cqrs.Infra\Relias.{{ cookiecutter.solution_name }}.Cqrs.Infra.csproj", "{AA9EDE18-31A9-4915-8B90-1CAA7234BE22}"
EndProject
Project("{9A19103F-16F7-4668-BE54-9A1E7A4F7556}") = "Relias.{{ cookiecutter.solution_name }}.Common", "src\Relias.{{ cookiecutter.solution_name }}.Common\Relias.{{ cookiecutter.solution_name }}.Common.csproj", "{74D3C563-5206-43C1-AD91-46027188BA93}"
EndProject
Project("{2150E333-8FDC-42A3-9474-1A3956D46DE8}") = "Solution Items", "Solution Items", "{33A5CE94-1B02-4197-9A82-DECA8B709174}"
	ProjectSection(SolutionItems) = preProject
		README.md = README.md
	EndProjectSection
EndProject
Global
	GlobalSection(SolutionConfigurationPlatforms) = preSolution
		Debug|Any CPU = Debug|Any CPU
		Release|Any CPU = Release|Any CPU
	EndGlobalSection
	GlobalSection(ProjectConfigurationPlatforms) = postSolution
		{E9D544F3-434B-434F-A210-8606F8B80126}.Debug|Any CPU.ActiveCfg = Debug|Any CPU
		{E9D544F3-434B-434F-A210-8606F8B80126}.Debug|Any CPU.Build.0 = Debug|Any CPU
		{E9D544F3-434B-434F-A210-8606F8B80126}.Release|Any CPU.ActiveCfg = Release|Any CPU
		{E9D544F3-434B-434F-A210-8606F8B80126}.Release|Any CPU.Build.0 = Release|Any CPU
		{ADABF7A4-50DD-42FC-9B5C-C02C55B528D3}.Debug|Any CPU.ActiveCfg = Debug|Any CPU
		{ADABF7A4-50DD-42FC-9B5C-C02C55B528D3}.Debug|Any CPU.Build.0 = Debug|Any CPU
		{ADABF7A4-50DD-42FC-9B5C-C02C55B528D3}.Release|Any CPU.ActiveCfg = Release|Any CPU
		{ADABF7A4-50DD-42FC-9B5C-C02C55B528D3}.Release|Any CPU.Build.0 = Release|Any CPU
		{AA9EDE18-31A9-4915-8B90-1CAA7234BE22}.Debug|Any CPU.ActiveCfg = Debug|Any CPU
		{AA9EDE18-31A9-4915-8B90-1CAA7234BE22}.Debug|Any CPU.Build.0 = Debug|Any CPU
		{AA9EDE18-31A9-4915-8B90-1CAA7234BE22}.Release|Any CPU.ActiveCfg = Release|Any CPU
		{AA9EDE18-31A9-4915-8B90-1CAA7234BE22}.Release|Any CPU.Build.0 = Release|Any CPU
		{74D3C563-5206-43C1-AD91-46027188BA93}.Debug|Any CPU.ActiveCfg = Debug|Any CPU
		{74D3C563-5206-43C1-AD91-46027188BA93}.Debug|Any CPU.Build.0 = Debug|Any CPU
		{74D3C563-5206-43C1-AD91-46027188BA93}.Release|Any CPU.ActiveCfg = Release|Any CPU
		{74D3C563-5206-43C1-AD91-46027188BA93}.Release|Any CPU.Build.0 = Release|Any CPU
	EndGlobalSection
	GlobalSection(SolutionProperties) = preSolution
		HideSolutionNode = FALSE
	EndGlobalSection
	GlobalSection(NestedProjects) = preSolution
		{E9D544F3-434B-434F-A210-8606F8B80126} = {D8608206-C91F-49B2-9130-9FB792435614}
		{ADABF7A4-50DD-42FC-9B5C-C02C55B528D3} = {D8608206-C91F-49B2-9130-9FB792435614}
		{AA9EDE18-31A9-4915-8B90-1CAA7234BE22} = {D8608206-C91F-49B2-9130-9FB792435614}
		{74D3C563-5206-43C1-AD91-46027188BA93} = {D8608206-C91F-49B2-9130-9FB792435614}
	EndGlobalSection
	GlobalSection(ExtensibilityGlobals) = postSolution
		SolutionGuid = {611273C0-5CCF-45A5-A415-DB432FABA386}
	EndGlobalSection
EndGlobal
